Microsoft Visual Studio Solution File, Format Version 11.00
# Visual Studio 2008

Project("{880F8321-0C83-AD62-A2C6-AE7196C969A5}") = "Game Design Prototype 3", "Assembly-CSharp.csproj", "{946BAD13-2003-A2EB-98B9-BA2494C06E41}"
EndProject
Global
	GlobalSection(SolutionConfigurationPlatforms) = preSolution
		Debug|Any CPU = Debug|Any CPU
		Release|Any CPU = Release|Any CPU
	EndGlobalSection
	GlobalSection(ProjectConfigurationPlatforms) = postSolution
		{946BAD13-2003-A2EB-98B9-BA2494C06E41}.Debug|Any CPU.ActiveCfg = Debug|Any CPU
		{946BAD13-2003-A2EB-98B9-BA2494C06E41}.Debug|Any CPU.Build.0 = Debug|Any CPU
		{946BAD13-2003-A2EB-98B9-BA2494C06E41}.Release|Any CPU.ActiveCfg = Release|Any CPU
		{946BAD13-2003-A2EB-98B9-BA2494C06E41}.Release|Any CPU.Build.0 = Release|Any CPU
	EndGlobalSection
	GlobalSection(SolutionProperties) = preSolution
		HideSolutionNode = FALSE
	EndGlobalSection
	GlobalSection(MonoDevelopProperties) = preSolution
		StartupItem = Assembly-CSharp.csproj
	EndGlobalSection
EndGlobal
